
Microsoft Visual Studio Solution File, Format Version 12.00
# Visual Studio Version 17
VisualStudioVersion = 17.11.35312.102
MinimumVisualStudioVersion = 10.0.40219.1
Project("{9A19103F-16F7-4668-BE54-9A1E7A4F7556}") = "SuperHeroAPI-DotNet8", "SuperHeroAPI-DotNet8\SuperHeroAPI-DotNet8.csproj", "{503406CE-ED7F-4DC7-87FA-AB0D14286809}"
EndProject
Project("{9A19103F-16F7-4668-BE54-9A1E7A4F7556}") = "SuperHeroAPI-DotNet8-Test", "SuperHeroAPI-DotNet8-Test\SuperHeroAPI-DotNet8-Test.csproj", "{26594423-C992-4B28-ADB5-94C0A09F7CEF}"
EndProject
Project("{FAE04EC0-301F-11D3-BF4B-00C04F79EFBC}") = "VehicleStoreAPI", "VehicleStoreAPI\VehicleStoreAPI.csproj", "{4E0D3336-CBFC-41EA-B0D1-060BD6605D57}"
EndProject
Global
	GlobalSection(SolutionConfigurationPlatforms) = preSolution
		Debug|Any CPU = Debug|Any CPU
		Release|Any CPU = Release|Any CPU
	EndGlobalSection
	GlobalSection(ProjectConfigurationPlatforms) = postSolution
		{503406CE-ED7F-4DC7-87FA-AB0D14286809}.Debug|Any CPU.ActiveCfg = Debug|Any CPU
		{503406CE-ED7F-4DC7-87FA-AB0D14286809}.Debug|Any CPU.Build.0 = Debug|Any CPU
		{503406CE-ED7F-4DC7-87FA-AB0D14286809}.Release|Any CPU.ActiveCfg = Release|Any CPU
		{503406CE-ED7F-4DC7-87FA-AB0D14286809}.Release|Any CPU.Build.0 = Release|Any CPU
		{26594423-C992-4B28-ADB5-94C0A09F7CEF}.Debug|Any CPU.ActiveCfg = Debug|Any CPU
		{26594423-C992-4B28-ADB5-94C0A09F7CEF}.Debug|Any CPU.Build.0 = Debug|Any CPU
		{26594423-C992-4B28-ADB5-94C0A09F7CEF}.Release|Any CPU.ActiveCfg = Release|Any CPU
		{26594423-C992-4B28-ADB5-94C0A09F7CEF}.Release|Any CPU.Build.0 = Release|Any CPU
		{4E0D3336-CBFC-41EA-B0D1-060BD6605D57}.Debug|Any CPU.ActiveCfg = Debug|Any CPU
		{4E0D3336-CBFC-41EA-B0D1-060BD6605D57}.Debug|Any CPU.Build.0 = Debug|Any CPU
		{4E0D3336-CBFC-41EA-B0D1-060BD6605D57}.Release|Any CPU.ActiveCfg = Release|Any CPU
		{4E0D3336-CBFC-41EA-B0D1-060BD6605D57}.Release|Any CPU.Build.0 = Release|Any CPU
	EndGlobalSection
	GlobalSection(SolutionProperties) = preSolution
		HideSolutionNode = FALSE
	EndGlobalSection
	GlobalSection(ExtensibilityGlobals) = postSolution
		SolutionGuid = {BEF4E3BB-8651-4EED-A00F-43196B885051}
	EndGlobalSection
EndGlobal
